
Microsoft Visual Studio Solution File, Format Version 12.00
# Visual Studio Version 16
VisualStudioVersion = 16.0.31624.102
MinimumVisualStudioVersion = 10.0.40219.1
Project("{FAE04EC0-301F-11D3-BF4B-00C04F79EFBC}") = "BankingLibrary", "BankingLibrary\BankingLibrary.csproj", "{8F6FF8D8-2D1E-4111-BAB0-9E2D415FD0A1}"
EndProject
Project("{FAE04EC0-301F-11D3-BF4B-00C04F79EFBC}") = "BankingLibrary.Tests", "BankingLibrary.Tests\BankingLibrary.Tests.csproj", "{618FF7CC-2AA0-4188-8BFE-107F15CD94A8}"
EndProject
Global
	GlobalSection(SolutionConfigurationPlatforms) = preSolution
		Debug|Any CPU = Debug|Any CPU
		Release|Any CPU = Release|Any CPU
	EndGlobalSection
	GlobalSection(ProjectConfigurationPlatforms) = postSolution
		{8F6FF8D8-2D1E-4111-BAB0-9E2D415FD0A1}.Debug|Any CPU.ActiveCfg = Debug|Any CPU
		{8F6FF8D8-2D1E-4111-BAB0-9E2D415FD0A1}.Debug|Any CPU.Build.0 = Debug|Any CPU
		{8F6FF8D8-2D1E-4111-BAB0-9E2D415FD0A1}.Release|Any CPU.ActiveCfg = Release|Any CPU
		{8F6FF8D8-2D1E-4111-BAB0-9E2D415FD0A1}.Release|Any CPU.Build.0 = Release|Any CPU
		{618FF7CC-2AA0-4188-8BFE-107F15CD94A8}.Debug|Any CPU.ActiveCfg = Debug|Any CPU
		{618FF7CC-2AA0-4188-8BFE-107F15CD94A8}.Debug|Any CPU.Build.0 = Debug|Any CPU
		{618FF7CC-2AA0-4188-8BFE-107F15CD94A8}.Release|Any CPU.ActiveCfg = Release|Any CPU
		{618FF7CC-2AA0-4188-8BFE-107F15CD94A8}.Release|Any CPU.Build.0 = Release|Any CPU
	EndGlobalSection
	GlobalSection(SolutionProperties) = preSolution
		HideSolutionNode = FALSE
	EndGlobalSection
	GlobalSection(ExtensibilityGlobals) = postSolution
		SolutionGuid = {C328C05E-4AF1-4D83-9C94-17A4F0DC826F}
	EndGlobalSection
EndGlobal
